// !$*UTF8*$!
{
	archiveVersion = 1;
	classes = {
	};
	objectVersion = 46;
	objects = {

/* Begin PBXBuildFile section */
		8DCECE451DB2EA7700C4AC34 /* AppDelegate.swift in Sources */ = {isa = PBXBuildFile; fileRef = 8DCECE441DB2EA7700C4AC34 /* AppDelegate.swift */; };
		8DCECE471DB2EA7700C4AC34 /* ViewController.swift in Sources */ = {isa = PBXBuildFile; fileRef = 8DCECE461DB2EA7700C4AC34 /* ViewController.swift */; };
		8DCECE4A1DB2EA7700C4AC34 /* Main.storyboard in Resources */ = {isa = PBXBuildFile; fileRef = 8DCECE481DB2EA7700C4AC34 /* Main.storyboard */; };
		8DCECE4C1DB2EA7700C4AC34 /* Assets.xcassets in Resources */ = {isa = PBXBuildFile; fileRef = 8DCECE4B1DB2EA7700C4AC34 /* Assets.xcassets */; };
		8DCECE4F1DB2EA7700C4AC34 /* LaunchScreen.storyboard in Resources */ = {isa = PBXBuildFile; fileRef = 8DCECE4D1DB2EA7700C4AC34 /* LaunchScreen.storyboard */; };
/* End PBXBuildFile section */

/* Begin PBXFileReference section */
		8DCECE411DB2EA7700C4AC34 /* CardNavigation.app */ = {isa = PBXFileReference; explicitFileType = wrapper.application; includeInIndex = 0; path = CardNavigation.app; sourceTree = BUILT_PRODUCTS_DIR; };
		8DCECE441DB2EA7700C4AC34 /* AppDelegate.swift */ = {isa = PBXFileReference; lastKnownFileType = sourcecode.swift; path = AppDelegate.swift; sourceTree = "<group>"; };
		8DCECE461DB2EA7700C4AC34 /* ViewController.swift */ = {isa = PBXFileReference; lastKnownFileType = sourcecode.swift; path = ViewController.swift; sourceTree = "<group>"; };
		8DCECE491DB2EA7700C4AC34 /* Base */ = {isa = PBXFileReference; lastKnownFileType = file.storyboard; name = Base; path = Base.lproj/Main.storyboard; sourceTree = "<group>"; };
		8DCECE4B1DB2EA7700C4AC34 /* Assets.xcassets */ = {isa = PBXFileReference; lastKnownFileType = folder.assetcatalog; path = Assets.xcassets; sourceTree = "<group>"; };
		8DCECE4E1DB2EA7700C4AC34 /* Base */ = {isa = PBXFileReference; lastKnownFileType = file.storyboard; name = Base; path = Base.lproj/LaunchScreen.storyboard; sourceTree = "<group>"; };
		8DCECE501DB2EA7700C4AC34 /* Info.plist */ = {isa = PBXFileReference; lastKnownFileType = text.plist.xml; path = Info.plist; sourceTree = "<group>"; };
/* End PBXFileReference section */

/* Begin PBXFrameworksBuildPhase section */
		8DCECE3E1DB2EA7700C4AC34 /* Frameworks */ = {
			isa = PBXFrameworksBuildPhase;
			buildActionMask = 2147483647;
			files = (
			);
			runOnlyForDeploymentPostprocessing = 0;
		};
/* End PBXFrameworksBuildPhase section */

/* Begin PBXGroup section */
		8DCECE381DB2EA7700C4AC34 = {
			isa = PBXGroup;
			children = (
				8DCECE431DB2EA7700C4AC34 /* CardNavigation */,
				8DCECE421DB2EA7700C4AC34 /* Products */,
			);
			sourceTree = "<group>";
		};
		8DCECE421DB2EA7700C4AC34 /* Products */ = {
			isa = PBXGroup;
			children = (
				8DCECE411DB2EA7700C4AC34 /* CardNavigation.app */,
			);
			name = Products;
			sourceTree = "<group>";
		};
		8DCECE431DB2EA7700C4AC34 /* CardNavigation */ = {
			isa = PBXGroup;
			children = (
				8DCECE441DB2EA7700C4AC34 /* AppDelegate.swift */,
				8DCECE461DB2EA7700C4AC34 /* ViewController.swift */,
				8DCECE481DB2EA7700C4AC34 /* Main.storyboard */,
				8DCECE4B1DB2EA7700C4AC34 /* Assets.xcassets */,
				8DCECE4D1DB2EA7700C4AC34 /* LaunchScreen.storyboard */,
				8DCECE501DB2EA7700C4AC34 /* Info.plist */,
			);
			path = CardNavigation;
			sourceTree = "<group>";
		};
/* End PBXGroup section */

/* Begin PBXNativeTarget section */
		8DCECE401DB2EA7700C4AC34 /* CardNavigation */ = {
			isa = PBXNativeTarget;
			buildConfigurationList = 8DCECE531DB2EA7700C4AC34 /* Build configuration list for PBXNativeTarget "CardNavigation" */;
			buildPhases = (
				8DCECE3D1DB2EA7700C4AC34 /* Sources */,
				8DCECE3E1DB2EA7700C4AC34 /* Frameworks */,
				8DCECE3F1DB2EA7700C4AC34 /* Resources */,
			);
			buildRules = (
			);
			dependencies = (
			);
			name = CardNavigation;
			productName = CardNavigation;
			productReference = 8DCECE411DB2EA7700C4AC34 /* CardNavigation.app */;
			productType = "com.apple.product-type.application";
		};
/* End PBXNativeTarget section */

/* Begin PBXProject section */
		8DCECE391DB2EA7700C4AC34 /* Project object */ = {
			isa = PBXProject;
			attributes = {
				LastSwiftUpdateCheck = 0800;
				LastUpgradeCheck = 0800;
				ORGANIZATIONNAME = "Mike Kavouras";
				TargetAttributes = {
					8DCECE401DB2EA7700C4AC34 = {
						CreatedOnToolsVersion = 8.0;
						DevelopmentTeam = A56D86G827;
						ProvisioningStyle = Automatic;
					};
				};
			};
			buildConfigurationList = 8DCECE3C1DB2EA7700C4AC34 /* Build configuration list for PBXProject "CardNavigation" */;
			compatibilityVersion = "Xcode 3.2";
			developmentRegion = English;
			hasScannedForEncodings = 0;
			knownRegions = (
				en,
				Base,
			);
			mainGroup = 8DCECE381DB2EA7700C4AC34;
			productRefGroup = 8DCECE421DB2EA7700C4AC34 /* Products */;
			projectDirPath = "";
			projectRoot = "";
			targets = (
				8DCECE401DB2EA7700C4AC34 /* CardNavigation */,
			);
		};
/* End PBXProject section */

/* Begin PBXResourcesBuildPhase section */
		8DCECE3F1DB2EA7700C4AC34 /* Resources */ = {
			isa = PBXResourcesBuildPhase;
			buildActionMask = 2147483647;
			files = (
				8DCECE4F1DB2EA7700C4AC34 /* LaunchScreen.storyboard in Resources */,
				8DCECE4C1DB2EA7700C4AC34 /* Assets.xcassets in Resources */,
				8DCECE4A1DB2EA7700C4AC34 /* Main.storyboard in Resources */,
			);
			runOnlyForDeploymentPostprocessing = 0;
		};
/* End PBXResourcesBuildPhase section */

/* Begin PBXSourcesBuildPhase section */
		8DCECE3D1DB2EA7700C4AC34 /* Sources */ = {
			isa = PBXSourcesBuildPhase;
			buildActionMask = 2147483647;
			files = (
				8DCECE471DB2EA7700C4AC34 /* ViewController.swift in Sources */,
				8DCECE451DB2EA7700C4AC34 /* AppDelegate.swift in Sources */,
			);
			runOnlyForDeploymentPostprocessing = 0;
		};
/* End PBXSourcesBuildPhase section */

/* Begin PBXVariantGroup section */
		8DCECE481DB2EA7700C4AC34 /* Main.storyboard */ = {
			isa = PBXVariantGroup;
			children = (
				8DCECE491DB2EA7700C4AC34 /* Base */,
			);
			name = Main.storyboard;
			sourceTree = "<group>";
		};
		8DCECE4D1DB2EA7700C4AC34 /* LaunchScreen.storyboard */ = {
			isa = PBXVariantGroup;
			children = (
				8DCECE4E1DB2EA7700C4AC34 /* Base */,
			);
			name = LaunchScreen.storyboard;
			sourceTree = "<group>";
		};
/* End PBXVariantGroup section */

/* Begin XCBuildConfiguration section */
		8DCECE511DB2EA7700C4AC34 /* Debug */ = {
			isa = XCBuildConfiguration;
			buildSettings = {
				ALWAYS_SEARCH_USER_PATHS = NO;
				CLANG_ANALYZER_NONNULL = YES;
				CLANG_CXX_LANGUAGE_STANDARD = "gnu++0x";
				CLANG_CXX_LIBRARY = "libc++";
				CLANG_ENABLE_MODULES = YES;
				CLANG_ENABLE_OBJC_ARC = YES;
				CLANG_WARN_BOOL_CONVERSION = YES;
				CLANG_WARN_CONSTANT_CONVERSION = YES;
				CLANG_WARN_DIRECT_OBJC_ISA_USAGE = YES_ERROR;
				CLANG_WARN_DOCUMENTATION_COMMENTS = YES;
				CLANG_WARN_EMPTY_BODY = YES;
				CLANG_WARN_ENUM_CONVERSION = YES;
				CLANG_WARN_INFINITE_RECURSION = YES;
				CLANG_WARN_INT_CONVERSION = YES;
				CLANG_WARN_OBJC_ROOT_CLASS = YES_ERROR;
				CLANG_WARN_SUSPICIOUS_MOVES = YES;
				CLANG_WARN_UNREACHABLE_CODE = YES;
				CLANG_WARN__DUPLICATE_METHOD_MATCH = YES;
				"CODE_SIGN_IDENTITY[sdk=iphoneos*]" = "iPhone Developer";
				COPY_PHASE_STRIP = NO;
				DEBUG_INFORMATION_FORMAT = dwarf;
				ENABLE_STRICT_OBJC_MSGSEND = YES;
				ENABLE_TESTABILITY = YES;
				GCC_C_LANGUAGE_STANDARD = gnu99;
				GCC_DYNAMIC_NO_PIC = NO;
				GCC_NO_COMMON_BLOCKS = YES;
				GCC_OPTIMIZATION_LEVEL = 0;
				GCC_PREPROCESSOR_DEFINITIONS = (
					"DEBUG=1",
					"$(inherited)",
				);
				GCC_WARN_64_TO_32_BIT_CONVERSION = YES;
				GCC_WARN_ABOUT_RETURN_TYPE = YES_ERROR;
				GCC_WARN_UNDECLARED_SELECTOR = YES;
				GCC_WARN_UNINITIALIZED_AUTOS = YES_AGGRESSIVE;
				GCC_WARN_UNUSED_FUNCTION = YES;
				GCC_WARN_UNUSED_VARIABLE = YES;
				IPHONEOS_DEPLOYMENT_TARGET = 10.0;
				MTL_ENABLE_DEBUG_INFO = YES;
				ONLY_ACTIVE_ARCH = YES;
				SDKROOT = iphoneos;
				SWIFT_ACTIVE_COMPILATION_CONDITIONS = DEBUG;
				SWIFT_OPTIMIZATION_LEVEL = "-Onone";
			};
			name = Debug;
		};
		8DCECE521DB2EA7700C4AC34 /* Release */ = {
			isa = XCBuildConfiguration;
			buildSettings = {
				ALWAYS_SEARCH_USER_PATHS = NO;
				CLANG_ANALYZER_NONNULL = YES;
				CLANG_CXX_LANGUAGE_STANDARD = "gnu++0x";
				CLANG_CXX_LIBRARY = "libc++";
				CLANG_ENABLE_MODULES = YES;
				CLANG_ENABLE_OBJC_ARC = YES;
				CLANG_WARN_BOOL_CONVERSION = YES;
				CLANG_WARN_CONSTANT_CONVERSION = YES;
				CLANG_WARN_DIRECT_OBJC_ISA_USAGE = YES_ERROR;
				CLANG_WARN_DOCUMENTATION_COMMENTS = YES;
				CLANG_WARN_EMPTY_BODY = YES;
				CLANG_WARN_ENUM_CONVERSION = YES;
				CLANG_WARN_INFINITE_RECURSION = YES;
				CLANG_WARN_INT_CONVERSION = YES;
				CLANG_WARN_OBJC_ROOT_CLASS = YES_ERROR;
				CLANG_WARN_SUSPICIOUS_MOVES = YES;
				CLANG_WARN_UNREACHABLE_CODE = YES;
				CLANG_WARN__DUPLICATE_METHOD_MATCH = YES;
				"CODE_SIGN_IDENTITY[sdk=iphoneos*]" = "iPhone Developer";
				COPY_PHASE_STRIP = NO;
				DEBUG_INFORMATION_FORMAT = "dwarf-with-dsym";
				ENABLE_NS_ASSERTIONS = NO;
				ENABLE_STRICT_OBJC_MSGSEND = YES;
				GCC_C_LANGUAGE_STANDARD = gnu99;
				GCC_NO_COMMON_BLOCKS = YES;
				GCC_WARN_64_TO_32_BIT_CONVERSION = YES;
				GCC_WARN_ABOUT_RETURN_TYPE = YES_ERROR;
				GCC_WARN_UNDECLARED_SELECTOR = YES;
				GCC_WARN_UNINITIALIZED_AUTOS = YES_AGGRESSIVE;
				GCC_WARN_UNUSED_FUNCTION = YES;
				GCC_WARN_UNUSED_VARIABLE = YES;
				IPHONEOS_DEPLOYMENT_TARGET = 10.0;
				MTL_ENABLE_DEBUG_INFO = NO;
				SDKROOT = iphoneos;
				SWIFT_OPTIMIZATION_LEVEL = "-Owholemodule";
				VALIDATE_PRODUCT = YES;
			};
			name = Release;
		};
		8DCECE541DB2EA7700C4AC34 /* Debug */ = {
			isa = XCBuildConfiguration;
			buildSettings = {
				ASSETCATALOG_COMPILER_APPICON_NAME = AppIcon;
				DEVELOPMENT_TEAM = A56D86G827;
				INFOPLIST_FILE = CardNavigation/Info.plist;
				LD_RUNPATH_SEARCH_PATHS = "$(inherited) @executable_path/Frameworks";
				PRODUCT_BUNDLE_IDENTIFIER = com.mikekavouras.CardNavigation;
				PRODUCT_NAME = "$(TARGET_NAME)";
				SWIFT_VERSION = 3.0;
			};
			name = Debug;
		};
		8DCECE551DB2EA7700C4AC34 /* Release */ = {
			isa = XCBuildConfiguration;
			buildSettings = {
				ASSETCATALOG_COMPILER_APPICON_NAME = AppIcon;
				DEVELOPMENT_TEAM = A56D86G827;
				INFOPLIST_FILE = CardNavigation/Info.plist;
				LD_RUNPATH_SEARCH_PATHS = "$(inherited) @executable_path/Frameworks";
				PRODUCT_BUNDLE_IDENTIFIER = com.mikekavouras.CardNavigation;
				PRODUCT_NAME = "$(TARGET_NAME)";
				SWIFT_VERSION = 3.0;
			};
			name = Release;
		};
/* End XCBuildConfiguration section */

/* Begin XCConfigurationList section */
		8DCECE3C1DB2EA7700C4AC34 /* Build configuration list for PBXProject "CardNavigation" */ = {
			isa = XCConfigurationList;
			buildConfigurations = (
				8DCECE511DB2EA7700C4AC34 /* Debug */,
				8DCECE521DB2EA7700C4AC34 /* Release */,
			);
			defaultConfigurationIsVisible = 0;
			defaultConfigurationName = Release;
		};
		8DCECE531DB2EA7700C4AC34 /* Build configuration list for PBXNativeTarget "CardNavigation" */ = {
			isa = XCConfigurationList;
			buildConfigurations = (
				8DCECE541DB2EA7700C4AC34 /* Debug */,
				8DCECE551DB2EA7700C4AC34 /* Release */,
			);
			defaultConfigurationIsVisible = 0;
		};
/* End XCConfigurationList section */
	};
	rootObject = 8DCECE391DB2EA7700C4AC34 /* Project object */;
}
